// !$*UTF8*$!
{
	archiveVersion = 1;
	classes = {
	};
	objectVersion = 50;
	objects = {

/* Begin PBXBuildFile section */
		D45C95242563162C00B7FE3C /* AppDelegate.swift in Sources */ = {isa = PBXBuildFile; fileRef = D45C95232563162C00B7FE3C /* AppDelegate.swift */; };
		D45C95262563162C00B7FE3C /* SceneDelegate.swift in Sources */ = {isa = PBXBuildFile; fileRef = D45C95252563162C00B7FE3C /* SceneDelegate.swift */; };
		D45C952B2563162C00B7FE3C /* Main.storyboard in Resources */ = {isa = PBXBuildFile; fileRef = D45C95292563162C00B7FE3C /* Main.storyboard */; };
		D45C952D2563163000B7FE3C /* Assets.xcassets in Resources */ = {isa = PBXBuildFile; fileRef = D45C952C2563163000B7FE3C /* Assets.xcassets */; };
		D45C95302563163000B7FE3C /* LaunchScreen.storyboard in Resources */ = {isa = PBXBuildFile; fileRef = D45C952E2563163000B7FE3C /* LaunchScreen.storyboard */; };
		D45C953B2563163000B7FE3C /* AzimuthTests.swift in Sources */ = {isa = PBXBuildFile; fileRef = D45C953A2563163000B7FE3C /* AzimuthTests.swift */; };
		D45C95462563163000B7FE3C /* AzimuthUITests.swift in Sources */ = {isa = PBXBuildFile; fileRef = D45C95452563163000B7FE3C /* AzimuthUITests.swift */; };
		D4D96FC225674E5900ECD2A4 /* DataSource.swift in Sources */ = {isa = PBXBuildFile; fileRef = D4D96FC125674E5900ECD2A4 /* DataSource.swift */; };
		D4D96FC4256752C900ECD2A4 /* dayCollectionViewCell.swift in Sources */ = {isa = PBXBuildFile; fileRef = D4D96FC3256752C900ECD2A4 /* dayCollectionViewCell.swift */; };
		D4F1E75025633A4F00B078CB /* collectionVC.swift in Sources */ = {isa = PBXBuildFile; fileRef = D4F1E74F25633A4F00B078CB /* collectionVC.swift */; };
		D4F1E75225633FF800B078CB /* AstroAPI.swift in Sources */ = {isa = PBXBuildFile; fileRef = D4F1E75125633FF800B078CB /* AstroAPI.swift */; };
		D4FC43C82565D10E00783899 /* DayStore.swift in Sources */ = {isa = PBXBuildFile; fileRef = D4FC43C72565D10E00783899 /* DayStore.swift */; };
		D4FC43CA2565DD5400783899 /* Day.swift in Sources */ = {isa = PBXBuildFile; fileRef = D4FC43C92565DD5400783899 /* Day.swift */; };
/* End PBXBuildFile section */

/* Begin PBXContainerItemProxy section */
		D45C95372563163000B7FE3C /* PBXContainerItemProxy */ = {
			isa = PBXContainerItemProxy;
			containerPortal = D45C95182563162C00B7FE3C /* Project object */;
			proxyType = 1;
			remoteGlobalIDString = D45C951F2563162C00B7FE3C;
			remoteInfo = Azimuth;
		};
		D45C95422563163000B7FE3C /* PBXContainerItemProxy */ = {
			isa = PBXContainerItemProxy;
			containerPortal = D45C95182563162C00B7FE3C /* Project object */;
			proxyType = 1;
			remoteGlobalIDString = D45C951F2563162C00B7FE3C;
			remoteInfo = Azimuth;
		};
/* End PBXContainerItemProxy section */

/* Begin PBXFileReference section */
		D45C95202563162C00B7FE3C /* Azimuth.app */ = {isa = PBXFileReference; explicitFileType = wrapper.application; includeInIndex = 0; path = Azimuth.app; sourceTree = BUILT_PRODUCTS_DIR; };
		D45C95232563162C00B7FE3C /* AppDelegate.swift */ = {isa = PBXFileReference; lastKnownFileType = sourcecode.swift; path = AppDelegate.swift; sourceTree = "<group>"; };
		D45C95252563162C00B7FE3C /* SceneDelegate.swift */ = {isa = PBXFileReference; lastKnownFileType = sourcecode.swift; path = SceneDelegate.swift; sourceTree = "<group>"; };
		D45C952A2563162C00B7FE3C /* Base */ = {isa = PBXFileReference; lastKnownFileType = file.storyboard; name = Base; path = Base.lproj/Main.storyboard; sourceTree = "<group>"; };
		D45C952C2563163000B7FE3C /* Assets.xcassets */ = {isa = PBXFileReference; lastKnownFileType = folder.assetcatalog; path = Assets.xcassets; sourceTree = "<group>"; };
		D45C952F2563163000B7FE3C /* Base */ = {isa = PBXFileReference; lastKnownFileType = file.storyboard; name = Base; path = Base.lproj/LaunchScreen.storyboard; sourceTree = "<group>"; };
		D45C95312563163000B7FE3C /* Info.plist */ = {isa = PBXFileReference; lastKnownFileType = text.plist.xml; path = Info.plist; sourceTree = "<group>"; };
		D45C95362563163000B7FE3C /* AzimuthTests.xctest */ = {isa = PBXFileReference; explicitFileType = wrapper.cfbundle; includeInIndex = 0; path = AzimuthTests.xctest; sourceTree = BUILT_PRODUCTS_DIR; };
		D45C953A2563163000B7FE3C /* AzimuthTests.swift */ = {isa = PBXFileReference; lastKnownFileType = sourcecode.swift; path = AzimuthTests.swift; sourceTree = "<group>"; };
		D45C953C2563163000B7FE3C /* Info.plist */ = {isa = PBXFileReference; lastKnownFileType = text.plist.xml; path = Info.plist; sourceTree = "<group>"; };
		D45C95412563163000B7FE3C /* AzimuthUITests.xctest */ = {isa = PBXFileReference; explicitFileType = wrapper.cfbundle; includeInIndex = 0; path = AzimuthUITests.xctest; sourceTree = BUILT_PRODUCTS_DIR; };
		D45C95452563163000B7FE3C /* AzimuthUITests.swift */ = {isa = PBXFileReference; lastKnownFileType = sourcecode.swift; path = AzimuthUITests.swift; sourceTree = "<group>"; };
		D45C95472563163000B7FE3C /* Info.plist */ = {isa = PBXFileReference; lastKnownFileType = text.plist.xml; path = Info.plist; sourceTree = "<group>"; };
		D4D96FC125674E5900ECD2A4 /* DataSource.swift */ = {isa = PBXFileReference; lastKnownFileType = sourcecode.swift; path = DataSource.swift; sourceTree = "<group>"; };
		D4D96FC3256752C900ECD2A4 /* dayCollectionViewCell.swift */ = {isa = PBXFileReference; lastKnownFileType = sourcecode.swift; path = dayCollectionViewCell.swift; sourceTree = "<group>"; };
		D4F1E74F25633A4F00B078CB /* collectionVC.swift */ = {isa = PBXFileReference; lastKnownFileType = sourcecode.swift; path = collectionVC.swift; sourceTree = "<group>"; };
		D4F1E75125633FF800B078CB /* AstroAPI.swift */ = {isa = PBXFileReference; lastKnownFileType = sourcecode.swift; path = AstroAPI.swift; sourceTree = "<group>"; };
		D4FC43C72565D10E00783899 /* DayStore.swift */ = {isa = PBXFileReference; lastKnownFileType = sourcecode.swift; path = DayStore.swift; sourceTree = "<group>"; };
		D4FC43C92565DD5400783899 /* Day.swift */ = {isa = PBXFileReference; lastKnownFileType = sourcecode.swift; path = Day.swift; sourceTree = "<group>"; };
/* End PBXFileReference section */

/* Begin PBXFrameworksBuildPhase section */
		D45C951D2563162C00B7FE3C /* Frameworks */ = {
			isa = PBXFrameworksBuildPhase;
			buildActionMask = 2147483647;
			files = (
			);
			runOnlyForDeploymentPostprocessing = 0;
		};
		D45C95332563163000B7FE3C /* Frameworks */ = {
			isa = PBXFrameworksBuildPhase;
			buildActionMask = 2147483647;
			files = (
			);
			runOnlyForDeploymentPostprocessing = 0;
		};
		D45C953E2563163000B7FE3C /* Frameworks */ = {
			isa = PBXFrameworksBuildPhase;
			buildActionMask = 2147483647;
			files = (
			);
			runOnlyForDeploymentPostprocessing = 0;
		};
/* End PBXFrameworksBuildPhase section */

/* Begin PBXGroup section */
		D45C95172563162C00B7FE3C = {
			isa = PBXGroup;
			children = (
				D45C95222563162C00B7FE3C /* Azimuth */,
				D45C95392563163000B7FE3C /* AzimuthTests */,
				D45C95442563163000B7FE3C /* AzimuthUITests */,
				D45C95212563162C00B7FE3C /* Products */,
			);
			sourceTree = "<group>";
		};
		D45C95212563162C00B7FE3C /* Products */ = {
			isa = PBXGroup;
			children = (
				D45C95202563162C00B7FE3C /* Azimuth.app */,
				D45C95362563163000B7FE3C /* AzimuthTests.xctest */,
				D45C95412563163000B7FE3C /* AzimuthUITests.xctest */,
			);
			name = Products;
			sourceTree = "<group>";
		};
		D45C95222563162C00B7FE3C /* Azimuth */ = {
			isa = PBXGroup;
			children = (
				D45C95232563162C00B7FE3C /* AppDelegate.swift */,
				D4F1E75125633FF800B078CB /* AstroAPI.swift */,
				D4F1E74F25633A4F00B078CB /* collectionVC.swift */,
				D4D96FC3256752C900ECD2A4 /* dayCollectionViewCell.swift */,
				D45C95252563162C00B7FE3C /* SceneDelegate.swift */,
				D4FC43C72565D10E00783899 /* DayStore.swift */,
				D4D96FC125674E5900ECD2A4 /* DataSource.swift */,
				D4FC43C92565DD5400783899 /* Day.swift */,
				D45C95292563162C00B7FE3C /* Main.storyboard */,
				D45C952C2563163000B7FE3C /* Assets.xcassets */,
				D45C952E2563163000B7FE3C /* LaunchScreen.storyboard */,
				D45C95312563163000B7FE3C /* Info.plist */,
			);
			path = Azimuth;
			sourceTree = "<group>";
		};
		D45C95392563163000B7FE3C /* AzimuthTests */ = {
			isa = PBXGroup;
			children = (
				D45C953A2563163000B7FE3C /* AzimuthTests.swift */,
				D45C953C2563163000B7FE3C /* Info.plist */,
			);
			path = AzimuthTests;
			sourceTree = "<group>";
		};
		D45C95442563163000B7FE3C /* AzimuthUITests */ = {
			isa = PBXGroup;
			children = (
				D45C95452563163000B7FE3C /* AzimuthUITests.swift */,
				D45C95472563163000B7FE3C /* Info.plist */,
			);
			path = AzimuthUITests;
			sourceTree = "<group>";
		};
/* End PBXGroup section */

/* Begin PBXNativeTarget section */
		D45C951F2563162C00B7FE3C /* Azimuth */ = {
			isa = PBXNativeTarget;
			buildConfigurationList = D45C954A2563163000B7FE3C /* Build configuration list for PBXNativeTarget "Azimuth" */;
			buildPhases = (
				D45C951C2563162C00B7FE3C /* Sources */,
				D45C951D2563162C00B7FE3C /* Frameworks */,
				D45C951E2563162C00B7FE3C /* Resources */,
			);
			buildRules = (
			);
			dependencies = (
			);
			name = Azimuth;
			productName = Azimuth;
			productReference = D45C95202563162C00B7FE3C /* Azimuth.app */;
			productType = "com.apple.product-type.application";
		};
		D45C95352563163000B7FE3C /* AzimuthTests */ = {
			isa = PBXNativeTarget;
			buildConfigurationList = D45C954D2563163000B7FE3C /* Build configuration list for PBXNativeTarget "AzimuthTests" */;
			buildPhases = (
				D45C95322563163000B7FE3C /* Sources */,
				D45C95332563163000B7FE3C /* Frameworks */,
				D45C95342563163000B7FE3C /* Resources */,
			);
			buildRules = (
			);
			dependencies = (
				D45C95382563163000B7FE3C /* PBXTargetDependency */,
			);
			name = AzimuthTests;
			productName = AzimuthTests;
			productReference = D45C95362563163000B7FE3C /* AzimuthTests.xctest */;
			productType = "com.apple.product-type.bundle.unit-test";
		};
		D45C95402563163000B7FE3C /* AzimuthUITests */ = {
			isa = PBXNativeTarget;
			buildConfigurationList = D45C95502563163000B7FE3C /* Build configuration list for PBXNativeTarget "AzimuthUITests" */;
			buildPhases = (
				D45C953D2563163000B7FE3C /* Sources */,
				D45C953E2563163000B7FE3C /* Frameworks */,
				D45C953F2563163000B7FE3C /* Resources */,
			);
			buildRules = (
			);
			dependencies = (
				D45C95432563163000B7FE3C /* PBXTargetDependency */,
			);
			name = AzimuthUITests;
			productName = AzimuthUITests;
			productReference = D45C95412563163000B7FE3C /* AzimuthUITests.xctest */;
			productType = "com.apple.product-type.bundle.ui-testing";
		};
/* End PBXNativeTarget section */

/* Begin PBXProject section */
		D45C95182563162C00B7FE3C /* Project object */ = {
			isa = PBXProject;
			attributes = {
				LastSwiftUpdateCheck = 1120;
				LastUpgradeCheck = 1120;
				ORGANIZATIONNAME = "Lawrence J. Condie";
				TargetAttributes = {
					D45C951F2563162C00B7FE3C = {
						CreatedOnToolsVersion = 11.2.1;
					};
					D45C95352563163000B7FE3C = {
						CreatedOnToolsVersion = 11.2.1;
						TestTargetID = D45C951F2563162C00B7FE3C;
					};
					D45C95402563163000B7FE3C = {
						CreatedOnToolsVersion = 11.2.1;
						TestTargetID = D45C951F2563162C00B7FE3C;
					};
				};
			};
			buildConfigurationList = D45C951B2563162C00B7FE3C /* Build configuration list for PBXProject "Azimuth" */;
			compatibilityVersion = "Xcode 9.3";
			developmentRegion = en;
			hasScannedForEncodings = 0;
			knownRegions = (
				en,
				Base,
			);
			mainGroup = D45C95172563162C00B7FE3C;
			productRefGroup = D45C95212563162C00B7FE3C /* Products */;
			projectDirPath = "";
			projectRoot = "";
			targets = (
				D45C951F2563162C00B7FE3C /* Azimuth */,
				D45C95352563163000B7FE3C /* AzimuthTests */,
				D45C95402563163000B7FE3C /* AzimuthUITests */,
			);
		};
/* End PBXProject section */

/* Begin PBXResourcesBuildPhase section */
		D45C951E2563162C00B7FE3C /* Resources */ = {
			isa = PBXResourcesBuildPhase;
			buildActionMask = 2147483647;
			files = (
				D45C95302563163000B7FE3C /* LaunchScreen.storyboard in Resources */,
				D45C952D2563163000B7FE3C /* Assets.xcassets in Resources */,
				D45C952B2563162C00B7FE3C /* Main.storyboard in Resources */,
			);
			runOnlyForDeploymentPostprocessing = 0;
		};
		D45C95342563163000B7FE3C /* Resources */ = {
			isa = PBXResourcesBuildPhase;
			buildActionMask = 2147483647;
			files = (
			);
			runOnlyForDeploymentPostprocessing = 0;
		};
		D45C953F2563163000B7FE3C /* Resources */ = {
			isa = PBXResourcesBuildPhase;
			buildActionMask = 2147483647;
			files = (
			);
			runOnlyForDeploymentPostprocessing = 0;
		};
/* End PBXResourcesBuildPhase section */

/* Begin PBXSourcesBuildPhase section */
		D45C951C2563162C00B7FE3C /* Sources */ = {
			isa = PBXSourcesBuildPhase;
			buildActionMask = 2147483647;
			files = (
				D4D96FC225674E5900ECD2A4 /* DataSource.swift in Sources */,
				D4F1E75225633FF800B078CB /* AstroAPI.swift in Sources */,
				D45C95242563162C00B7FE3C /* AppDelegate.swift in Sources */,
				D4D96FC4256752C900ECD2A4 /* dayCollectionViewCell.swift in Sources */,
				D4FC43CA2565DD5400783899 /* Day.swift in Sources */,
				D4F1E75025633A4F00B078CB /* collectionVC.swift in Sources */,
				D4FC43C82565D10E00783899 /* DayStore.swift in Sources */,
				D45C95262563162C00B7FE3C /* SceneDelegate.swift in Sources */,
			);
			runOnlyForDeploymentPostprocessing = 0;
		};
		D45C95322563163000B7FE3C /* Sources */ = {
			isa = PBXSourcesBuildPhase;
			buildActionMask = 2147483647;
			files = (
				D45C953B2563163000B7FE3C /* AzimuthTests.swift in Sources */,
			);
			runOnlyForDeploymentPostprocessing = 0;
		};
		D45C953D2563163000B7FE3C /* Sources */ = {
			isa = PBXSourcesBuildPhase;
			buildActionMask = 2147483647;
			files = (
				D45C95462563163000B7FE3C /* AzimuthUITests.swift in Sources */,
			);
			runOnlyForDeploymentPostprocessing = 0;
		};
/* End PBXSourcesBuildPhase section */

/* Begin PBXTargetDependency section */
		D45C95382563163000B7FE3C /* PBXTargetDependency */ = {
			isa = PBXTargetDependency;
			target = D45C951F2563162C00B7FE3C /* Azimuth */;
			targetProxy = D45C95372563163000B7FE3C /* PBXContainerItemProxy */;
		};
		D45C95432563163000B7FE3C /* PBXTargetDependency */ = {
			isa = PBXTargetDependency;
			target = D45C951F2563162C00B7FE3C /* Azimuth */;
			targetProxy = D45C95422563163000B7FE3C /* PBXContainerItemProxy */;
		};
/* End PBXTargetDependency section */

/* Begin PBXVariantGroup section */
		D45C95292563162C00B7FE3C /* Main.storyboard */ = {
			isa = PBXVariantGroup;
			children = (
				D45C952A2563162C00B7FE3C /* Base */,
			);
			name = Main.storyboard;
			sourceTree = "<group>";
		};
		D45C952E2563163000B7FE3C /* LaunchScreen.storyboard */ = {
			isa = PBXVariantGroup;
			children = (
				D45C952F2563163000B7FE3C /* Base */,
			);
			name = LaunchScreen.storyboard;
			sourceTree = "<group>";
		};
/* End PBXVariantGroup section */

/* Begin XCBuildConfiguration section */
		D45C95482563163000B7FE3C /* Debug */ = {
			isa = XCBuildConfiguration;
			buildSettings = {
				ALWAYS_SEARCH_USER_PATHS = NO;
				CLANG_ANALYZER_NONNULL = YES;
				CLANG_ANALYZER_NUMBER_OBJECT_CONVERSION = YES_AGGRESSIVE;
				CLANG_CXX_LANGUAGE_STANDARD = "gnu++14";
				CLANG_CXX_LIBRARY = "libc++";
				CLANG_ENABLE_MODULES = YES;
				CLANG_ENABLE_OBJC_ARC = YES;
				CLANG_ENABLE_OBJC_WEAK = YES;
				CLANG_WARN_BLOCK_CAPTURE_AUTORELEASING = YES;
				CLANG_WARN_BOOL_CONVERSION = YES;
				CLANG_WARN_COMMA = YES;
				CLANG_WARN_CONSTANT_CONVERSION = YES;
				CLANG_WARN_DEPRECATED_OBJC_IMPLEMENTATIONS = YES;
				CLANG_WARN_DIRECT_OBJC_ISA_USAGE = YES_ERROR;
				CLANG_WARN_DOCUMENTATION_COMMENTS = YES;
				CLANG_WARN_EMPTY_BODY = YES;
				CLANG_WARN_ENUM_CONVERSION = YES;
				CLANG_WARN_INFINITE_RECURSION = YES;
				CLANG_WARN_INT_CONVERSION = YES;
				CLANG_WARN_NON_LITERAL_NULL_CONVERSION = YES;
				CLANG_WARN_OBJC_IMPLICIT_RETAIN_SELF = YES;
				CLANG_WARN_OBJC_LITERAL_CONVERSION = YES;
				CLANG_WARN_OBJC_ROOT_CLASS = YES_ERROR;
				CLANG_WARN_RANGE_LOOP_ANALYSIS = YES;
				CLANG_WARN_STRICT_PROTOTYPES = YES;
				CLANG_WARN_SUSPICIOUS_MOVE = YES;
				CLANG_WARN_UNGUARDED_AVAILABILITY = YES_AGGRESSIVE;
				CLANG_WARN_UNREACHABLE_CODE = YES;
				CLANG_WARN__DUPLICATE_METHOD_MATCH = YES;
				COPY_PHASE_STRIP = NO;
				DEBUG_INFORMATION_FORMAT = dwarf;
				ENABLE_STRICT_OBJC_MSGSEND = YES;
				ENABLE_TESTABILITY = YES;
				GCC_C_LANGUAGE_STANDARD = gnu11;
				GCC_DYNAMIC_NO_PIC = NO;
				GCC_NO_COMMON_BLOCKS = YES;
				GCC_OPTIMIZATION_LEVEL = 0;
				GCC_PREPROCESSOR_DEFINITIONS = (
					"DEBUG=1",
					"$(inherited)",
				);
				GCC_WARN_64_TO_32_BIT_CONVERSION = YES;
				GCC_WARN_ABOUT_RETURN_TYPE = YES_ERROR;
				GCC_WARN_UNDECLARED_SELECTOR = YES;
				GCC_WARN_UNINITIALIZED_AUTOS = YES_AGGRESSIVE;
				GCC_WARN_UNUSED_FUNCTION = YES;
				GCC_WARN_UNUSED_VARIABLE = YES;
				IPHONEOS_DEPLOYMENT_TARGET = 13.2;
				MTL_ENABLE_DEBUG_INFO = INCLUDE_SOURCE;
				MTL_FAST_MATH = YES;
				ONLY_ACTIVE_ARCH = YES;
				SDKROOT = iphoneos;
				SWIFT_ACTIVE_COMPILATION_CONDITIONS = DEBUG;
				SWIFT_OPTIMIZATION_LEVEL = "-Onone";
			};
			name = Debug;
		};
		D45C95492563163000B7FE3C /* Release */ = {
			isa = XCBuildConfiguration;
			buildSettings = {
				ALWAYS_SEARCH_USER_PATHS = NO;
				CLANG_ANALYZER_NONNULL = YES;
				CLANG_ANALYZER_NUMBER_OBJECT_CONVERSION = YES_AGGRESSIVE;
				CLANG_CXX_LANGUAGE_STANDARD = "gnu++14";
				CLANG_CXX_LIBRARY = "libc++";
				CLANG_ENABLE_MODULES = YES;
				CLANG_ENABLE_OBJC_ARC = YES;
				CLANG_ENABLE_OBJC_WEAK = YES;
				CLANG_WARN_BLOCK_CAPTURE_AUTORELEASING = YES;
				CLANG_WARN_BOOL_CONVERSION = YES;
				CLANG_WARN_COMMA = YES;
				CLANG_WARN_CONSTANT_CONVERSION = YES;
				CLANG_WARN_DEPRECATED_OBJC_IMPLEMENTATIONS = YES;
				CLANG_WARN_DIRECT_OBJC_ISA_USAGE = YES_ERROR;
				CLANG_WARN_DOCUMENTATION_COMMENTS = YES;
				CLANG_WARN_EMPTY_BODY = YES;
				CLANG_WARN_ENUM_CONVERSION = YES;
				CLANG_WARN_INFINITE_RECURSION = YES;
				CLANG_WARN_INT_CONVERSION = YES;
				CLANG_WARN_NON_LITERAL_NULL_CONVERSION = YES;
				CLANG_WARN_OBJC_IMPLICIT_RETAIN_SELF = YES;
				CLANG_WARN_OBJC_LITERAL_CONVERSION = YES;
				CLANG_WARN_OBJC_ROOT_CLASS = YES_ERROR;
				CLANG_WARN_RANGE_LOOP_ANALYSIS = YES;
				CLANG_WARN_STRICT_PROTOTYPES = YES;
				CLANG_WARN_SUSPICIOUS_MOVE = YES;
				CLANG_WARN_UNGUARDED_AVAILABILITY = YES_AGGRESSIVE;
				CLANG_WARN_UNREACHABLE_CODE = YES;
				CLANG_WARN__DUPLICATE_METHOD_MATCH = YES;
				COPY_PHASE_STRIP = NO;
				DEBUG_INFORMATION_FORMAT = "dwarf-with-dsym";
				ENABLE_NS_ASSERTIONS = NO;
				ENABLE_STRICT_OBJC_MSGSEND = YES;
				GCC_C_LANGUAGE_STANDARD = gnu11;
				GCC_NO_COMMON_BLOCKS = YES;
				GCC_WARN_64_TO_32_BIT_CONVERSION = YES;
				GCC_WARN_ABOUT_RETURN_TYPE = YES_ERROR;
				GCC_WARN_UNDECLARED_SELECTOR = YES;
				GCC_WARN_UNINITIALIZED_AUTOS = YES_AGGRESSIVE;
				GCC_WARN_UNUSED_FUNCTION = YES;
				GCC_WARN_UNUSED_VARIABLE = YES;
				IPHONEOS_DEPLOYMENT_TARGET = 13.2;
				MTL_ENABLE_DEBUG_INFO = NO;
				MTL_FAST_MATH = YES;
				SDKROOT = iphoneos;
				SWIFT_COMPILATION_MODE = wholemodule;
				SWIFT_OPTIMIZATION_LEVEL = "-O";
				VALIDATE_PRODUCT = YES;
			};
			name = Release;
		};
		D45C954B2563163000B7FE3C /* Debug */ = {
			isa = XCBuildConfiguration;
			buildSettings = {
				ASSETCATALOG_COMPILER_APPICON_NAME = AppIcon;
				CODE_SIGN_STYLE = Automatic;
				INFOPLIST_FILE = Azimuth/Info.plist;
				LD_RUNPATH_SEARCH_PATHS = (
					"$(inherited)",
					"@executable_path/Frameworks",
				);
				PRODUCT_BUNDLE_IDENTIFIER = com.lancecondie.Azimuth;
				PRODUCT_NAME = "$(TARGET_NAME)";
				SWIFT_VERSION = 5.0;
				TARGETED_DEVICE_FAMILY = "1,2";
			};
			name = Debug;
		};
		D45C954C2563163000B7FE3C /* Release */ = {
			isa = XCBuildConfiguration;
			buildSettings = {
				ASSETCATALOG_COMPILER_APPICON_NAME = AppIcon;
				CODE_SIGN_STYLE = Automatic;
				INFOPLIST_FILE = Azimuth/Info.plist;
				LD_RUNPATH_SEARCH_PATHS = (
					"$(inherited)",
					"@executable_path/Frameworks",
				);
				PRODUCT_BUNDLE_IDENTIFIER = com.lancecondie.Azimuth;
				PRODUCT_NAME = "$(TARGET_NAME)";
				SWIFT_VERSION = 5.0;
				TARGETED_DEVICE_FAMILY = "1,2";
			};
			name = Release;
		};
		D45C954E2563163000B7FE3C /* Debug */ = {
			isa = XCBuildConfiguration;
			buildSettings = {
				ALWAYS_EMBED_SWIFT_STANDARD_LIBRARIES = YES;
				BUNDLE_LOADER = "$(TEST_HOST)";
				CODE_SIGN_STYLE = Automatic;
				INFOPLIST_FILE = AzimuthTests/Info.plist;
				IPHONEOS_DEPLOYMENT_TARGET = 13.2;
				LD_RUNPATH_SEARCH_PATHS = (
					"$(inherited)",
					"@executable_path/Frameworks",
					"@loader_path/Frameworks",
				);
				PRODUCT_BUNDLE_IDENTIFIER = com.lancecondie.AzimuthTests;
				PRODUCT_NAME = "$(TARGET_NAME)";
				SWIFT_VERSION = 5.0;
				TARGETED_DEVICE_FAMILY = "1,2";
				TEST_HOST = "$(BUILT_PRODUCTS_DIR)/Azimuth.app/Azimuth";
			};
			name = Debug;
		};
		D45C954F2563163000B7FE3C /* Release */ = {
			isa = XCBuildConfiguration;
			buildSettings = {
				ALWAYS_EMBED_SWIFT_STANDARD_LIBRARIES = YES;
				BUNDLE_LOADER = "$(TEST_HOST)";
				CODE_SIGN_STYLE = Automatic;
				INFOPLIST_FILE = AzimuthTests/Info.plist;
				IPHONEOS_DEPLOYMENT_TARGET = 13.2;
				LD_RUNPATH_SEARCH_PATHS = (
					"$(inherited)",
					"@executable_path/Frameworks",
					"@loader_path/Frameworks",
				);
				PRODUCT_BUNDLE_IDENTIFIER = com.lancecondie.AzimuthTests;
				PRODUCT_NAME = "$(TARGET_NAME)";
				SWIFT_VERSION = 5.0;
				TARGETED_DEVICE_FAMILY = "1,2";
				TEST_HOST = "$(BUILT_PRODUCTS_DIR)/Azimuth.app/Azimuth";
			};
			name = Release;
		};
		D45C95512563163000B7FE3C /* Debug */ = {
			isa = XCBuildConfiguration;
			buildSettings = {
				ALWAYS_EMBED_SWIFT_STANDARD_LIBRARIES = YES;
				CODE_SIGN_STYLE = Automatic;
				INFOPLIST_FILE = AzimuthUITests/Info.plist;
				LD_RUNPATH_SEARCH_PATHS = (
					"$(inherited)",
					"@executable_path/Frameworks",
					"@loader_path/Frameworks",
				);
				PRODUCT_BUNDLE_IDENTIFIER = com.lancecondie.AzimuthUITests;
				PRODUCT_NAME = "$(TARGET_NAME)";
				SWIFT_VERSION = 5.0;
				TARGETED_DEVICE_FAMILY = "1,2";
				TEST_TARGET_NAME = Azimuth;
			};
			name = Debug;
		};
		D45C95522563163000B7FE3C /* Release */ = {
			isa = XCBuildConfiguration;
			buildSettings = {
				ALWAYS_EMBED_SWIFT_STANDARD_LIBRARIES = YES;
				CODE_SIGN_STYLE = Automatic;
				INFOPLIST_FILE = AzimuthUITests/Info.plist;
				LD_RUNPATH_SEARCH_PATHS = (
					"$(inherited)",
					"@executable_path/Frameworks",
					"@loader_path/Frameworks",
				);
				PRODUCT_BUNDLE_IDENTIFIER = com.lancecondie.AzimuthUITests;
				PRODUCT_NAME = "$(TARGET_NAME)";
				SWIFT_VERSION = 5.0;
				TARGETED_DEVICE_FAMILY = "1,2";
				TEST_TARGET_NAME = Azimuth;
			};
			name = Release;
		};
/* End XCBuildConfiguration section */

/* Begin XCConfigurationList section */
		D45C951B2563162C00B7FE3C /* Build configuration list for PBXProject "Azimuth" */ = {
			isa = XCConfigurationList;
			buildConfigurations = (
				D45C95482563163000B7FE3C /* Debug */,
				D45C95492563163000B7FE3C /* Release */,
			);
			defaultConfigurationIsVisible = 0;
			defaultConfigurationName = Release;
		};
		D45C954A2563163000B7FE3C /* Build configuration list for PBXNativeTarget "Azimuth" */ = {
			isa = XCConfigurationList;
			buildConfigurations = (
				D45C954B2563163000B7FE3C /* Debug */,
				D45C954C2563163000B7FE3C /* Release */,
			);
			defaultConfigurationIsVisible = 0;
			defaultConfigurationName = Release;
		};
		D45C954D2563163000B7FE3C /* Build configuration list for PBXNativeTarget "AzimuthTests" */ = {
			isa = XCConfigurationList;
			buildConfigurations = (
				D45C954E2563163000B7FE3C /* Debug */,
				D45C954F2563163000B7FE3C /* Release */,
			);
			defaultConfigurationIsVisible = 0;
			defaultConfigurationName = Release;
		};
		D45C95502563163000B7FE3C /* Build configuration list for PBXNativeTarget "AzimuthUITests" */ = {
			isa = XCConfigurationList;
			buildConfigurations = (
				D45C95512563163000B7FE3C /* Debug */,
				D45C95522563163000B7FE3C /* Release */,
			);
			defaultConfigurationIsVisible = 0;
			defaultConfigurationName = Release;
		};
/* End XCConfigurationList section */
	};
	rootObject = D45C95182563162C00B7FE3C /* Project object */;
}
